# THIS IS AN AUTOGENERATED FILE. DO NOT EDIT THIS FILE DIRECTLY.
# yarn lockfile v1


footballsimulationengine@^2.2.1:
  version "2.2.1"
  resolved "https://registry.yarnpkg.com/footballsimulationengine/-/footballsimulationengine-2.2.1.tgz#e936f951f1df8022fd5dbf017ec94f46f0845009"
  integrity sha512-xnAzmlOOI3Rc3vBSFd9EnhcPEabh92B+SUPHo1LA+jkDyHcVV/t9FL3mLllYolOx9MNA7yq0C6pmvSn2yLG25g==
